
Microsoft Visual Studio Solution File, Format Version 12.00
# Visual Studio Version 16
VisualStudioVersion = 16.0.31729.503
MinimumVisualStudioVersion = 10.0.40219.1
Project("{FAE04EC0-301F-11D3-BF4B-00C04F79EFBC}") = "Lab5", "Lab5\Lab5.csproj", "{5911508B-74BB-4133-B3D1-2969D940967B}"
EndProject
Global
	GlobalSection(SolutionConfigurationPlatforms) = preSolution
		Debug|Any CPU = Debug|Any CPU
		Release|Any CPU = Release|Any CPU
	EndGlobalSection
	GlobalSection(ProjectConfigurationPlatforms) = postSolution
		{5911508B-74BB-4133-B3D1-2969D940967B}.Debug|Any CPU.ActiveCfg = Debug|Any CPU
		{5911508B-74BB-4133-B3D1-2969D940967B}.Debug|Any CPU.Build.0 = Debug|Any CPU
		{5911508B-74BB-4133-B3D1-2969D940967B}.Release|Any CPU.ActiveCfg = Release|Any CPU
		{5911508B-74BB-4133-B3D1-2969D940967B}.Release|Any CPU.Build.0 = Release|Any CPU
	EndGlobalSection
	GlobalSection(SolutionProperties) = preSolution
		HideSolutionNode = FALSE
	EndGlobalSection
	GlobalSection(ExtensibilityGlobals) = postSolution
		SolutionGuid = {E1F5477C-1679-49C8-9670-C7FD7F7716F0}
	EndGlobalSection
EndGlobal
